<?xml version="1.0" encoding="utf-8"?>
<Project ToolsVersion="4.0" xmlns="http://schemas.microsoft.com/developer/msbuild/2003">
  <ItemGroup>
    <Filter Include="Source Files">
      <UniqueIdentifier>{4FC737F1-C7A5-4376-A066-2A32D752A2FF}</UniqueIdentifier>
      <Extensions>cpp;c;cc;cxx;def;odl;idl;hpj;bat;asm;asmx</Extensions>
    </Filter>
    <Filter Include="Header Files">
      <UniqueIdentifier>{93995380-89BD-4b04-88EB-625FBE52EBFB}</UniqueIdentifier>
      <Extensions>h;hh;hpp;hxx;hm;inl;inc;xsd</Extensions>
    </Filter>
    <Filter Include="Resource Files">
      <UniqueIdentifier>{67DA6AB6-F800-4c08-8B7A-83BB121AAD01}</UniqueIdentifier>
      <Extensions>rc;ico;cur;bmp;dlg;rc2;rct;bin;rgs;gif;jpg;jpeg;jpe;resx;tiff;tif;png;wav;mfcribbon-ms</Extensions>
    </Filter>
    <Filter Include="Source Files\Accepted">
      <UniqueIdentifier>{ae22c8c8-e13c-4688-9e8c-a618cfd24872}</UniqueIdentifier>
    </Filter>
    <Filter Include="Source Files\Tried">
      <UniqueIdentifier>{f7d309c8-775b-40c7-af3e-9141b34aebc8}</UniqueIdentifier>
    </Filter>
    <Filter Include="Source Files\Solving">
      <UniqueIdentifier>{fc89d3ee-ee25-42db-bbe8-493bfddf0c3a}</UniqueIdentifier>
    </Filter>
  </ItemGroup>
  <ItemGroup>
    <ClCompile Include="00102.cpp">
      <Filter>Source Files\Accepted</Filter>
    </ClCompile>
    <ClCompile Include="00146.cpp">
      <Filter>Source Files\Accepted</Filter>
    </ClCompile>
    <ClCompile Include="00156.cpp">
      <Filter>Source Files\Accepted</Filter>
    </ClCompile>
    <ClCompile Include="00161.cpp">
      <Filter>Source Files\Accepted</Filter>
    </ClCompile>
    <ClCompile Include="00193.cpp">
      <Filter>Source Files\Accepted</Filter>
    </ClCompile>
    <ClCompile Include="00195.cpp">
      <Filter>Source Files\Accepted</Filter>
    </ClCompile>
    <ClCompile Include="00230.cpp">
      <Filter>Source Files\Accepted</Filter>
    </ClCompile>
    <ClCompile Include="00272.cpp">
      <Filter>Source Files\Accepted</Filter>
    </ClCompile>
    <ClCompile Include="00278.cpp">
      <Filter>Source Files\Accepted</Filter>
    </ClCompile>
    <ClCompile Include="00401.cpp">
      <Filter>Source Files\Accepted</Filter>
    </ClCompile>
    <ClCompile Include="00403.cpp">
      <Filter>Source Files\Accepted</Filter>
    </ClCompile>
    <ClCompile Include="00454.cpp">
      <Filter>Source Files\Accepted</Filter>
    </ClCompile>
    <ClCompile Include="00462.cpp">
      <Filter>Source Files\Accepted</Filter>
    </ClCompile>
    <ClCompile Include="00489.cpp">
      <Filter>Source Files\Accepted</Filter>
    </ClCompile>
    <ClCompile Include="00514.cpp">
      <Filter>Source Files\Accepted</Filter>
    </ClCompile>
    <ClCompile Include="00524.cpp">
      <Filter>Source Files\Accepted</Filter>
    </ClCompile>
    <ClCompile Include="00556.cpp">
      <Filter>Source Files\Accepted</Filter>
    </ClCompile>
    <ClCompile Include="00573.cpp">
      <Filter>Source Files\Accepted</Filter>
    </ClCompile>
    <ClCompile Include="00574.cpp">
      <Filter>Source Files\Accepted</Filter>
    </ClCompile>
    <ClCompile Include="00579.cpp">
      <Filter>Source Files\Accepted</Filter>
    </ClCompile>
    <ClCompile Include="00584.cpp">
      <Filter>Source Files\Accepted</Filter>
    </ClCompile>
    <ClCompile Include="00599.cpp">
      <Filter>Source Files\Accepted</Filter>
    </ClCompile>
    <ClCompile Include="00608.cpp">
      <Filter>Source Files\Accepted</Filter>
    </ClCompile>
    <ClCompile Include="00621.cpp">
      <Filter>Source Files\Accepted</Filter>
    </ClCompile>
    <ClCompile Include="00624.cpp">
      <Filter>Source Files\Accepted</Filter>
    </ClCompile>
    <ClCompile Include="00637.cpp">
      <Filter>Source Files\Accepted</Filter>
    </ClCompile>
    <ClCompile Include="00696.cpp">
      <Filter>Source Files\Accepted</Filter>
    </ClCompile>
    <ClCompile Include="00732.cpp">
      <Filter>Source Files\Accepted</Filter>
    </ClCompile>
    <ClCompile Include="00793.cpp">
      <Filter>Source Files\Accepted</Filter>
    </ClCompile>
    <ClCompile Include="00893.cpp">
      <Filter>Source Files\Accepted</Filter>
    </ClCompile>
    <ClCompile Include="00978.cpp">
      <Filter>Source Files\Accepted</Filter>
    </ClCompile>
    <ClCompile Include="01061.cpp">
      <Filter>Source Files\Accepted</Filter>
    </ClCompile>
    <ClCompile Include="01062.cpp">
      <Filter>Source Files\Accepted</Filter>
    </ClCompile>
    <ClCompile Include="01124.cpp">
      <Filter>Source Files\Accepted</Filter>
    </ClCompile>
    <ClCompile Include="01203.cpp">
      <Filter>Source Files\Accepted</Filter>
    </ClCompile>
    <ClCompile Include="10038.cpp">
      <Filter>Source Files\Accepted</Filter>
    </ClCompile>
    <ClCompile Include="10107.cpp">
      <Filter>Source Files\Accepted</Filter>
    </ClCompile>
    <ClCompile Include="10114.cpp">
      <Filter>Source Files\Accepted</Filter>
    </ClCompile>
    <ClCompile Include="10141.cpp">
      <Filter>Source Files\Accepted</Filter>
    </ClCompile>
    <ClCompile Include="10172.cpp">
      <Filter>Source Files\Accepted</Filter>
    </ClCompile>
    <ClCompile Include="10189.cpp">
      <Filter>Source Files\Accepted</Filter>
    </ClCompile>
    <ClCompile Include="10226.cpp">
      <Filter>Source Files\Accepted</Filter>
    </ClCompile>
    <ClCompile Include="10258.cpp">
      <Filter>Source Files\Accepted</Filter>
    </ClCompile>
    <ClCompile Include="10264.cpp">
      <Filter>Source Files\Accepted</Filter>
    </ClCompile>
    <ClCompile Include="10284.cpp">
      <Filter>Source Files\Accepted</Filter>
    </ClCompile>
    <ClCompile Include="10443.cpp">
      <Filter>Source Files\Accepted</Filter>
    </ClCompile>
    <ClCompile Include="10487.cpp">
      <Filter>Source Files\Accepted</Filter>
    </ClCompile>
    <ClCompile Include="10503.cpp">
      <Filter>Source Files\Accepted</Filter>
    </ClCompile>
    <ClCompile Include="10507.cpp">
      <Filter>Source Files\Accepted</Filter>
    </ClCompile>
    <ClCompile Include="10550.cpp">
      <Filter>Source Files\Accepted</Filter>
    </ClCompile>
    <ClCompile Include="10576.cpp">
      <Filter>Source Files\Accepted</Filter>
    </ClCompile>
    <ClCompile Include="10646.cpp">
      <Filter>Source Files\Accepted</Filter>
    </ClCompile>
    <ClCompile Include="10812.cpp">
      <Filter>Source Files\Accepted</Filter>
    </ClCompile>
    <ClCompile Include="10813.cpp">
      <Filter>Source Files\Accepted</Filter>
    </ClCompile>
    <ClCompile Include="10855.cpp">
      <Filter>Source Files\Accepted</Filter>
    </ClCompile>
    <ClCompile Include="10895.cpp">
      <Filter>Source Files\Accepted</Filter>
    </ClCompile>
    <ClCompile Include="10901.cpp">
      <Filter>Source Files\Accepted</Filter>
    </ClCompile>
    <ClCompile Include="10920.cpp">
      <Filter>Source Files\Accepted</Filter>
    </ClCompile>
    <ClCompile Include="10945.cpp">
      <Filter>Source Files\Accepted</Filter>
    </ClCompile>
    <ClCompile Include="10954.cpp">
      <Filter>Source Files\Accepted</Filter>
    </ClCompile>
    <ClCompile Include="10976.cpp">
      <Filter>Source Files\Accepted</Filter>
    </ClCompile>
    <ClCompile Include="11034.cpp">
      <Filter>Source Files\Accepted</Filter>
    </ClCompile>
    <ClCompile Include="11044.cpp">
      <Filter>Source Files\Accepted</Filter>
    </ClCompile>
    <ClCompile Include="11085.cpp">
      <Filter>Source Files\Accepted</Filter>
    </ClCompile>
    <ClCompile Include="11136.cpp">
      <Filter>Source Files\Accepted</Filter>
    </ClCompile>
    <ClCompile Include="11172.cpp">
      <Filter>Source Files\Accepted</Filter>
    </ClCompile>
    <ClCompile Include="11221.cpp">
      <Filter>Source Files\Accepted</Filter>
    </ClCompile>
    <ClCompile Include="11286.cpp">
      <Filter>Source Files\Accepted</Filter>
    </ClCompile>
    <ClCompile Include="11340.cpp">
      <Filter>Source Files\Accepted</Filter>
    </ClCompile>
    <ClCompile Include="11364.cpp">
      <Filter>Source Files\Accepted</Filter>
    </ClCompile>
    <ClCompile Include="11459.cpp">
      <Filter>Source Files\Accepted</Filter>
    </ClCompile>
    <ClCompile Include="11498.cpp">
      <Filter>Source Files\Accepted</Filter>
    </ClCompile>
    <ClCompile Include="11503.cpp">
      <Filter>Source Files\Accepted</Filter>
    </ClCompile>
    <ClCompile Include="11507.cpp">
      <Filter>Source Files\Accepted</Filter>
    </ClCompile>
    <ClCompile Include="11547.cpp">
      <Filter>Source Files\Accepted</Filter>
    </ClCompile>
    <ClCompile Include="11553.cpp">
      <Filter>Source Files\Accepted</Filter>
    </ClCompile>
    <ClCompile Include="11559.cpp">
      <Filter>Source Files\Accepted</Filter>
    </ClCompile>
    <ClCompile Include="11572.cpp">
      <Filter>Source Files\Accepted</Filter>
    </ClCompile>
    <ClCompile Include="11581.cpp">
      <Filter>Source Files\Accepted</Filter>
    </ClCompile>
    <ClCompile Include="11727.cpp">
      <Filter>Source Files\Accepted</Filter>
    </ClCompile>
    <ClCompile Include="11799.cpp">
      <Filter>Source Files\Accepted</Filter>
    </ClCompile>
    <ClCompile Include="11849.cpp">
      <Filter>Source Files\Accepted</Filter>
    </ClCompile>
    <ClCompile Include="11926.cpp">
      <Filter>Source Files\Accepted</Filter>
    </ClCompile>
    <ClCompile Include="11933.cpp">
      <Filter>Source Files\Accepted</Filter>
    </ClCompile>
    <ClCompile Include="11947.cpp">
      <Filter>Source Files\Accepted</Filter>
    </ClCompile>
    <ClCompile Include="11988.cpp">
      <Filter>Source Files\Accepted</Filter>
    </ClCompile>
    <ClCompile Include="11991.cpp">
      <Filter>Source Files\Accepted</Filter>
    </ClCompile>
    <ClCompile Include="11995.cpp">
      <Filter>Source Files\Accepted</Filter>
    </ClCompile>
    <ClCompile Include="12060.cpp">
      <Filter>Source Files\Accepted</Filter>
    </ClCompile>
    <ClCompile Include="12085.cpp">
      <Filter>Source Files\Accepted</Filter>
    </ClCompile>
    <ClCompile Include="12247.cpp">
      <Filter>Source Files\Accepted</Filter>
    </ClCompile>
    <ClCompile Include="12250.cpp">
      <Filter>Source Files\Accepted</Filter>
    </ClCompile>
    <ClCompile Include="12279.cpp">
      <Filter>Source Files\Accepted</Filter>
    </ClCompile>
    <ClCompile Include="12289.cpp">
      <Filter>Source Files\Accepted</Filter>
    </ClCompile>
    <ClCompile Include="12356.cpp">
      <Filter>Source Files\Accepted</Filter>
    </ClCompile>
    <ClCompile Include="12372.cpp">
      <Filter>Source Files\Accepted</Filter>
    </ClCompile>
    <ClCompile Include="12403.cpp">
      <Filter>Source Files\Accepted</Filter>
    </ClCompile>
    <ClCompile Include="12455.cpp">
      <Filter>Source Files\Accepted</Filter>
    </ClCompile>
    <ClCompile Include="12577.cpp">
      <Filter>Source Files\Accepted</Filter>
    </ClCompile>
    <ClCompile Include="00416.cpp">
      <Filter>Source Files\Tried</Filter>
    </ClCompile>
    <ClCompile Include="11235.cpp">
      <Filter>Source Files\Accepted</Filter>
    </ClCompile>
    <ClCompile Include="11402.cpp">
      <Filter>Source Files\Solving</Filter>
    </ClCompile>
  </ItemGroup>
  <ItemGroup>
    <Text Include="input.txt">
      <Filter>Resource Files</Filter>
    </Text>
    <Text Include="output.txt">
      <Filter>Resource Files</Filter>
    </Text>
    <Text Include="correct.txt">
      <Filter>Resource Files</Filter>
    </Text>
  </ItemGroup>
</Project>